
Microsoft Visual Studio Solution File, Format Version 12.00
# Visual Studio 15
VisualStudioVersion = 15.0.28307.1231
MinimumVisualStudioVersion = 10.0.40219.1
Project("{8BC9CEB8-8B4A-11D0-8D11-00A0C91BC942}") = "SherlockValidString", "SherlockValidString.vcxproj", "{F0DD38F8-4809-4C9C-99E7-145B31CF9942}"
EndProject
Global
	GlobalSection(SolutionConfigurationPlatforms) = preSolution
		Debug|x64 = Debug|x64
		Debug|x86 = Debug|x86
		Release|x64 = Release|x64
		Release|x86 = Release|x86
	EndGlobalSection
	GlobalSection(ProjectConfigurationPlatforms) = postSolution
		{F0DD38F8-4809-4C9C-99E7-145B31CF9942}.Debug|x64.ActiveCfg = Debug|x64
		{F0DD38F8-4809-4C9C-99E7-145B31CF9942}.Debug|x64.Build.0 = Debug|x64
		{F0DD38F8-4809-4C9C-99E7-145B31CF9942}.Debug|x86.ActiveCfg = Debug|Win32
		{F0DD38F8-4809-4C9C-99E7-145B31CF9942}.Debug|x86.Build.0 = Debug|Win32
		{F0DD38F8-4809-4C9C-99E7-145B31CF9942}.Release|x64.ActiveCfg = Release|x64
		{F0DD38F8-4809-4C9C-99E7-145B31CF9942}.Release|x64.Build.0 = Release|x64
		{F0DD38F8-4809-4C9C-99E7-145B31CF9942}.Release|x86.ActiveCfg = Release|Win32
		{F0DD38F8-4809-4C9C-99E7-145B31CF9942}.Release|x86.Build.0 = Release|Win32
	EndGlobalSection
	GlobalSection(SolutionProperties) = preSolution
		HideSolutionNode = FALSE
	EndGlobalSection
	GlobalSection(ExtensibilityGlobals) = postSolution
		SolutionGuid = {F855948B-77E1-4F36-8A5A-57F0840A6E07}
	EndGlobalSection
EndGlobal
