
Microsoft Visual Studio Solution File, Format Version 12.00
# Visual Studio 15
VisualStudioVersion = 15.0.28307.1231
MinimumVisualStudioVersion = 10.0.40219.1
Project("{8BC9CEB8-8B4A-11D0-8D11-00A0C91BC942}") = "AbstractClassesPolymorphism", "AbstractClassesPolymorphism.vcxproj", "{12A0B92E-9E4D-4EA5-A4E1-A303E1B57BCF}"
EndProject
Global
	GlobalSection(SolutionConfigurationPlatforms) = preSolution
		Debug|x64 = Debug|x64
		Debug|x86 = Debug|x86
		Release|x64 = Release|x64
		Release|x86 = Release|x86
	EndGlobalSection
	GlobalSection(ProjectConfigurationPlatforms) = postSolution
		{12A0B92E-9E4D-4EA5-A4E1-A303E1B57BCF}.Debug|x64.ActiveCfg = Debug|x64
		{12A0B92E-9E4D-4EA5-A4E1-A303E1B57BCF}.Debug|x64.Build.0 = Debug|x64
		{12A0B92E-9E4D-4EA5-A4E1-A303E1B57BCF}.Debug|x86.ActiveCfg = Debug|Win32
		{12A0B92E-9E4D-4EA5-A4E1-A303E1B57BCF}.Debug|x86.Build.0 = Debug|Win32
		{12A0B92E-9E4D-4EA5-A4E1-A303E1B57BCF}.Release|x64.ActiveCfg = Release|x64
		{12A0B92E-9E4D-4EA5-A4E1-A303E1B57BCF}.Release|x64.Build.0 = Release|x64
		{12A0B92E-9E4D-4EA5-A4E1-A303E1B57BCF}.Release|x86.ActiveCfg = Release|Win32
		{12A0B92E-9E4D-4EA5-A4E1-A303E1B57BCF}.Release|x86.Build.0 = Release|Win32
	EndGlobalSection
	GlobalSection(SolutionProperties) = preSolution
		HideSolutionNode = FALSE
	EndGlobalSection
	GlobalSection(ExtensibilityGlobals) = postSolution
		SolutionGuid = {6AD2080A-40E6-4A19-BB56-64A18A1A0A83}
	EndGlobalSection
EndGlobal
